
Microsoft Visual Studio Solution File, Format Version 12.00
# Visual Studio Version 17
VisualStudioVersion = 17.14.36109.1 d17.14
MinimumVisualStudioVersion = 10.0.40219.1
Project("{FAE04EC0-301F-11D3-BF4B-00C04F79EFBC}") = "figuras", "figuras\figuras.csproj", "{4F7DFADA-B0CD-4039-86D3-7B3B8E69F225}"
EndProject
Global
	GlobalSection(SolutionConfigurationPlatforms) = preSolution
		Debug|Any CPU = Debug|Any CPU
		Release|Any CPU = Release|Any CPU
	EndGlobalSection
	GlobalSection(ProjectConfigurationPlatforms) = postSolution
		{4F7DFADA-B0CD-4039-86D3-7B3B8E69F225}.Debug|Any CPU.ActiveCfg = Debug|Any CPU
		{4F7DFADA-B0CD-4039-86D3-7B3B8E69F225}.Debug|Any CPU.Build.0 = Debug|Any CPU
		{4F7DFADA-B0CD-4039-86D3-7B3B8E69F225}.Release|Any CPU.ActiveCfg = Release|Any CPU
		{4F7DFADA-B0CD-4039-86D3-7B3B8E69F225}.Release|Any CPU.Build.0 = Release|Any CPU
	EndGlobalSection
	GlobalSection(SolutionProperties) = preSolution
		HideSolutionNode = FALSE
	EndGlobalSection
	GlobalSection(ExtensibilityGlobals) = postSolution
		SolutionGuid = {277466B6-0277-4678-9584-3BD3AE7E1538}
	EndGlobalSection
EndGlobal
